// !$*UTF8*$!
{
	archiveVersion = 1;
	classes = {
	};
	objectVersion = 46;
	objects = {

/* Begin PBXBuildFile section */
		7005085019180D350005D659 /* Foundation.framework in Frameworks */ = {isa = PBXBuildFile; fileRef = 7005084F19180D350005D659 /* Foundation.framework */; };
		7005085219180D350005D659 /* CoreGraphics.framework in Frameworks */ = {isa = PBXBuildFile; fileRef = 7005085119180D350005D659 /* CoreGraphics.framework */; };
		7005085419180D350005D659 /* UIKit.framework in Frameworks */ = {isa = PBXBuildFile; fileRef = 7005085319180D350005D659 /* UIKit.framework */; };
		7005085A19180D350005D659 /* InfoPlist.strings in Resources */ = {isa = PBXBuildFile; fileRef = 7005085819180D350005D659 /* InfoPlist.strings */; };
		7005085C19180D350005D659 /* main.m in Sources */ = {isa = PBXBuildFile; fileRef = 7005085B19180D350005D659 /* main.m */; };
		7005086019180D350005D659 /* AppDelegate.m in Sources */ = {isa = PBXBuildFile; fileRef = 7005085F19180D350005D659 /* AppDelegate.m */; };
		7005086319180D350005D659 /* Main.storyboard in Resources */ = {isa = PBXBuildFile; fileRef = 7005086119180D350005D659 /* Main.storyboard */; };
		7005086619180D350005D659 /* ViewController.m in Sources */ = {isa = PBXBuildFile; fileRef = 7005086519180D350005D659 /* ViewController.m */; };
		7005086819180D350005D659 /* Images.xcassets in Resources */ = {isa = PBXBuildFile; fileRef = 7005086719180D350005D659 /* Images.xcassets */; };
		7005086F19180D350005D659 /* XCTest.framework in Frameworks */ = {isa = PBXBuildFile; fileRef = 7005086E19180D350005D659 /* XCTest.framework */; };
		7005087019180D360005D659 /* Foundation.framework in Frameworks */ = {isa = PBXBuildFile; fileRef = 7005084F19180D350005D659 /* Foundation.framework */; };
		7005087119180D360005D659 /* UIKit.framework in Frameworks */ = {isa = PBXBuildFile; fileRef = 7005085319180D350005D659 /* UIKit.framework */; };
		7005087919180D360005D659 /* InfoPlist.strings in Resources */ = {isa = PBXBuildFile; fileRef = 7005087719180D360005D659 /* InfoPlist.strings */; };
		7005087B19180D360005D659 /* _TD4WTests.m in Sources */ = {isa = PBXBuildFile; fileRef = 7005087A19180D360005D659 /* _TD4WTests.m */; };
		70050889191836770005D659 /* td4w.png in Resources */ = {isa = PBXBuildFile; fileRef = 70050886191836770005D659 /* td4w.png */; };
		7005088A191836770005D659 /* td4w2.png in Resources */ = {isa = PBXBuildFile; fileRef = 70050887191836770005D659 /* td4w2.png */; };
		7005088C191838790005D659 /* AVFoundation.framework in Frameworks */ = {isa = PBXBuildFile; fileRef = 7005088B191838790005D659 /* AVFoundation.framework */; };
		7005088E191839A50005D659 /* audio.mp3 in Resources */ = {isa = PBXBuildFile; fileRef = 7005088D191839A50005D659 /* audio.mp3 */; };
		7005089119188F600005D659 /* WSCoachMarksView.m in Sources */ = {isa = PBXBuildFile; fileRef = 7005089019188F600005D659 /* WSCoachMarksView.m */; };
/* End PBXBuildFile section */

/* Begin PBXContainerItemProxy section */
		7005087219180D360005D659 /* PBXContainerItemProxy */ = {
			isa = PBXContainerItemProxy;
			containerPortal = 7005084419180D350005D659 /* Project object */;
			proxyType = 1;
			remoteGlobalIDString = 7005084B19180D350005D659;
			remoteInfo = "#TD4W";
		};
/* End PBXContainerItemProxy section */

/* Begin PBXFileReference section */
		7005084C19180D350005D659 /* #TD4W.app */ = {isa = PBXFileReference; explicitFileType = wrapper.application; includeInIndex = 0; path = "#TD4W.app"; sourceTree = BUILT_PRODUCTS_DIR; };
		7005084F19180D350005D659 /* Foundation.framework */ = {isa = PBXFileReference; lastKnownFileType = wrapper.framework; name = Foundation.framework; path = System/Library/Frameworks/Foundation.framework; sourceTree = SDKROOT; };
		7005085119180D350005D659 /* CoreGraphics.framework */ = {isa = PBXFileReference; lastKnownFileType = wrapper.framework; name = CoreGraphics.framework; path = System/Library/Frameworks/CoreGraphics.framework; sourceTree = SDKROOT; };
		7005085319180D350005D659 /* UIKit.framework */ = {isa = PBXFileReference; lastKnownFileType = wrapper.framework; name = UIKit.framework; path = System/Library/Frameworks/UIKit.framework; sourceTree = SDKROOT; };
		7005085719180D350005D659 /* #TD4W-Info.plist */ = {isa = PBXFileReference; lastKnownFileType = text.plist.xml; path = "#TD4W-Info.plist"; sourceTree = "<group>"; };
		7005085919180D350005D659 /* en */ = {isa = PBXFileReference; lastKnownFileType = text.plist.strings; name = en; path = en.lproj/InfoPlist.strings; sourceTree = "<group>"; };
		7005085B19180D350005D659 /* main.m */ = {isa = PBXFileReference; lastKnownFileType = sourcecode.c.objc; path = main.m; sourceTree = "<group>"; };
		7005085D19180D350005D659 /* #TD4W-Prefix.pch */ = {isa = PBXFileReference; lastKnownFileType = sourcecode.c.h; path = "#TD4W-Prefix.pch"; sourceTree = "<group>"; };
		7005085E19180D350005D659 /* AppDelegate.h */ = {isa = PBXFileReference; lastKnownFileType = sourcecode.c.h; path = AppDelegate.h; sourceTree = "<group>"; };
		7005085F19180D350005D659 /* AppDelegate.m */ = {isa = PBXFileReference; lastKnownFileType = sourcecode.c.objc; path = AppDelegate.m; sourceTree = "<group>"; };
		7005086219180D350005D659 /* Base */ = {isa = PBXFileReference; lastKnownFileType = file.storyboard; name = Base; path = Base.lproj/Main.storyboard; sourceTree = "<group>"; };
		7005086419180D350005D659 /* ViewController.h */ = {isa = PBXFileReference; lastKnownFileType = sourcecode.c.h; path = ViewController.h; sourceTree = "<group>"; };
		7005086519180D350005D659 /* ViewController.m */ = {isa = PBXFileReference; lastKnownFileType = sourcecode.c.objc; path = ViewController.m; sourceTree = "<group>"; };
		7005086719180D350005D659 /* Images.xcassets */ = {isa = PBXFileReference; lastKnownFileType = folder.assetcatalog; path = Images.xcassets; sourceTree = "<group>"; };
		7005086D19180D350005D659 /* #TD4WTests.xctest */ = {isa = PBXFileReference; explicitFileType = wrapper.cfbundle; includeInIndex = 0; path = "#TD4WTests.xctest"; sourceTree = BUILT_PRODUCTS_DIR; };
		7005086E19180D350005D659 /* XCTest.framework */ = {isa = PBXFileReference; lastKnownFileType = wrapper.framework; name = XCTest.framework; path = Library/Frameworks/XCTest.framework; sourceTree = DEVELOPER_DIR; };
		7005087619180D360005D659 /* #TD4WTests-Info.plist */ = {isa = PBXFileReference; lastKnownFileType = text.plist.xml; path = "#TD4WTests-Info.plist"; sourceTree = "<group>"; };
		7005087819180D360005D659 /* en */ = {isa = PBXFileReference; lastKnownFileType = text.plist.strings; name = en; path = en.lproj/InfoPlist.strings; sourceTree = "<group>"; };
		7005087A19180D360005D659 /* _TD4WTests.m */ = {isa = PBXFileReference; lastKnownFileType = sourcecode.c.objc; path = _TD4WTests.m; sourceTree = "<group>"; };
		70050886191836770005D659 /* td4w.png */ = {isa = PBXFileReference; lastKnownFileType = image.png; path = td4w.png; sourceTree = "<group>"; };
		70050887191836770005D659 /* td4w2.png */ = {isa = PBXFileReference; lastKnownFileType = image.png; path = td4w2.png; sourceTree = "<group>"; };
		7005088B191838790005D659 /* AVFoundation.framework */ = {isa = PBXFileReference; lastKnownFileType = wrapper.framework; name = AVFoundation.framework; path = System/Library/Frameworks/AVFoundation.framework; sourceTree = SDKROOT; };
		7005088D191839A50005D659 /* audio.mp3 */ = {isa = PBXFileReference; lastKnownFileType = audio.mp3; path = audio.mp3; sourceTree = "<group>"; };
		7005088F19188F5B0005D659 /* WSCoachMarksView.h */ = {isa = PBXFileReference; fileEncoding = 4; lastKnownFileType = sourcecode.c.h; path = WSCoachMarksView.h; sourceTree = "<group>"; };
		7005089019188F600005D659 /* WSCoachMarksView.m */ = {isa = PBXFileReference; fileEncoding = 4; lastKnownFileType = sourcecode.c.objc; path = WSCoachMarksView.m; sourceTree = "<group>"; };
/* End PBXFileReference section */

/* Begin PBXFrameworksBuildPhase section */
		7005084919180D350005D659 /* Frameworks */ = {
			isa = PBXFrameworksBuildPhase;
			buildActionMask = 2147483647;
			files = (
				7005088C191838790005D659 /* AVFoundation.framework in Frameworks */,
				7005085219180D350005D659 /* CoreGraphics.framework in Frameworks */,
				7005085419180D350005D659 /* UIKit.framework in Frameworks */,
				7005085019180D350005D659 /* Foundation.framework in Frameworks */,
			);
			runOnlyForDeploymentPostprocessing = 0;
		};
		7005086A19180D350005D659 /* Frameworks */ = {
			isa = PBXFrameworksBuildPhase;
			buildActionMask = 2147483647;
			files = (
				7005086F19180D350005D659 /* XCTest.framework in Frameworks */,
				7005087119180D360005D659 /* UIKit.framework in Frameworks */,
				7005087019180D360005D659 /* Foundation.framework in Frameworks */,
			);
			runOnlyForDeploymentPostprocessing = 0;
		};
/* End PBXFrameworksBuildPhase section */

/* Begin PBXGroup section */
		7005084319180D350005D659 = {
			isa = PBXGroup;
			children = (
				70050884191836770005D659 /* resources */,
				7005085519180D350005D659 /* #TD4W */,
				7005087419180D360005D659 /* #TD4WTests */,
				7005084E19180D350005D659 /* Frameworks */,
				7005084D19180D350005D659 /* Products */,
			);
			sourceTree = "<group>";
		};
		7005084D19180D350005D659 /* Products */ = {
			isa = PBXGroup;
			children = (
				7005084C19180D350005D659 /* #TD4W.app */,
				7005086D19180D350005D659 /* #TD4WTests.xctest */,
			);
			name = Products;
			sourceTree = "<group>";
		};
		7005084E19180D350005D659 /* Frameworks */ = {
			isa = PBXGroup;
			children = (
				7005088B191838790005D659 /* AVFoundation.framework */,
				7005084F19180D350005D659 /* Foundation.framework */,
				7005085119180D350005D659 /* CoreGraphics.framework */,
				7005085319180D350005D659 /* UIKit.framework */,
				7005086E19180D350005D659 /* XCTest.framework */,
			);
			name = Frameworks;
			sourceTree = "<group>";
		};
		7005085519180D350005D659 /* #TD4W */ = {
			isa = PBXGroup;
			children = (
				7005085E19180D350005D659 /* AppDelegate.h */,
				7005085F19180D350005D659 /* AppDelegate.m */,
				7005086119180D350005D659 /* Main.storyboard */,
				7005086419180D350005D659 /* ViewController.h */,
				7005086519180D350005D659 /* ViewController.m */,
				7005086719180D350005D659 /* Images.xcassets */,
				7005085619180D350005D659 /* Supporting Files */,
			);
			path = "#TD4W";
			sourceTree = "<group>";
		};
		7005085619180D350005D659 /* Supporting Files */ = {
			isa = PBXGroup;
			children = (
				7005085719180D350005D659 /* #TD4W-Info.plist */,
				7005085819180D350005D659 /* InfoPlist.strings */,
				7005085B19180D350005D659 /* main.m */,
				7005085D19180D350005D659 /* #TD4W-Prefix.pch */,
			);
			name = "Supporting Files";
			sourceTree = "<group>";
		};
		7005087419180D360005D659 /* #TD4WTests */ = {
			isa = PBXGroup;
			children = (
				7005087A19180D360005D659 /* _TD4WTests.m */,
				7005087519180D360005D659 /* Supporting Files */,
			);
			path = "#TD4WTests";
			sourceTree = "<group>";
		};
		7005087519180D360005D659 /* Supporting Files */ = {
			isa = PBXGroup;
			children = (
				7005087619180D360005D659 /* #TD4WTests-Info.plist */,
				7005087719180D360005D659 /* InfoPlist.strings */,
			);
			name = "Supporting Files";
			sourceTree = "<group>";
		};
		70050884191836770005D659 /* resources */ = {
			isa = PBXGroup;
			children = (
				7005089019188F600005D659 /* WSCoachMarksView.m */,
				7005088F19188F5B0005D659 /* WSCoachMarksView.h */,
				7005088D191839A50005D659 /* audio.mp3 */,
				70050886191836770005D659 /* td4w.png */,
				70050887191836770005D659 /* td4w2.png */,
			);
			path = resources;
			sourceTree = "<group>";
		};
/* End PBXGroup section */

/* Begin PBXNativeTarget section */
		7005084B19180D350005D659 /* #TD4W */ = {
			isa = PBXNativeTarget;
			buildConfigurationList = 7005087E19180D360005D659 /* Build configuration list for PBXNativeTarget "#TD4W" */;
			buildPhases = (
				7005084819180D350005D659 /* Sources */,
				7005084919180D350005D659 /* Frameworks */,
				7005084A19180D350005D659 /* Resources */,
			);
			buildRules = (
			);
			dependencies = (
			);
			name = "#TD4W";
			productName = "#TD4W";
			productReference = 7005084C19180D350005D659 /* #TD4W.app */;
			productType = "com.apple.product-type.application";
		};
		7005086C19180D350005D659 /* #TD4WTests */ = {
			isa = PBXNativeTarget;
			buildConfigurationList = 7005088119180D360005D659 /* Build configuration list for PBXNativeTarget "#TD4WTests" */;
			buildPhases = (
				7005086919180D350005D659 /* Sources */,
				7005086A19180D350005D659 /* Frameworks */,
				7005086B19180D350005D659 /* Resources */,
			);
			buildRules = (
			);
			dependencies = (
				7005087319180D360005D659 /* PBXTargetDependency */,
			);
			name = "#TD4WTests";
			productName = "#TD4WTests";
			productReference = 7005086D19180D350005D659 /* #TD4WTests.xctest */;
			productType = "com.apple.product-type.bundle.unit-test";
		};
/* End PBXNativeTarget section */

/* Begin PBXProject section */
		7005084419180D350005D659 /* Project object */ = {
			isa = PBXProject;
			attributes = {
				LastUpgradeCheck = 0510;
				ORGANIZATIONNAME = "Avdeep Sahi";
				TargetAttributes = {
					7005086C19180D350005D659 = {
						TestTargetID = 7005084B19180D350005D659;
					};
				};
			};
			buildConfigurationList = 7005084719180D350005D659 /* Build configuration list for PBXProject "#TD4W" */;
			compatibilityVersion = "Xcode 3.2";
			developmentRegion = English;
			hasScannedForEncodings = 0;
			knownRegions = (
				en,
				Base,
			);
			mainGroup = 7005084319180D350005D659;
			productRefGroup = 7005084D19180D350005D659 /* Products */;
			projectDirPath = "";
			projectRoot = "";
			targets = (
				7005084B19180D350005D659 /* #TD4W */,
				7005086C19180D350005D659 /* #TD4WTests */,
			);
		};
/* End PBXProject section */

/* Begin PBXResourcesBuildPhase section */
		7005084A19180D350005D659 /* Resources */ = {
			isa = PBXResourcesBuildPhase;
			buildActionMask = 2147483647;
			files = (
				7005086819180D350005D659 /* Images.xcassets in Resources */,
				7005088E191839A50005D659 /* audio.mp3 in Resources */,
				70050889191836770005D659 /* td4w.png in Resources */,
				7005085A19180D350005D659 /* InfoPlist.strings in Resources */,
				7005086319180D350005D659 /* Main.storyboard in Resources */,
				7005088A191836770005D659 /* td4w2.png in Resources */,
			);
			runOnlyForDeploymentPostprocessing = 0;
		};
		7005086B19180D350005D659 /* Resources */ = {
			isa = PBXResourcesBuildPhase;
			buildActionMask = 2147483647;
			files = (
				7005087919180D360005D659 /* InfoPlist.strings in Resources */,
			);
			runOnlyForDeploymentPostprocessing = 0;
		};
/* End PBXResourcesBuildPhase section */

/* Begin PBXSourcesBuildPhase section */
		7005084819180D350005D659 /* Sources */ = {
			isa = PBXSourcesBuildPhase;
			buildActionMask = 2147483647;
			files = (
				7005086619180D350005D659 /* ViewController.m in Sources */,
				7005086019180D350005D659 /* AppDelegate.m in Sources */,
				7005089119188F600005D659 /* WSCoachMarksView.m in Sources */,
				7005085C19180D350005D659 /* main.m in Sources */,
			);
			runOnlyForDeploymentPostprocessing = 0;
		};
		7005086919180D350005D659 /* Sources */ = {
			isa = PBXSourcesBuildPhase;
			buildActionMask = 2147483647;
			files = (
				7005087B19180D360005D659 /* _TD4WTests.m in Sources */,
			);
			runOnlyForDeploymentPostprocessing = 0;
		};
/* End PBXSourcesBuildPhase section */

/* Begin PBXTargetDependency section */
		7005087319180D360005D659 /* PBXTargetDependency */ = {
			isa = PBXTargetDependency;
			target = 7005084B19180D350005D659 /* #TD4W */;
			targetProxy = 7005087219180D360005D659 /* PBXContainerItemProxy */;
		};
/* End PBXTargetDependency section */

/* Begin PBXVariantGroup section */
		7005085819180D350005D659 /* InfoPlist.strings */ = {
			isa = PBXVariantGroup;
			children = (
				7005085919180D350005D659 /* en */,
			);
			name = InfoPlist.strings;
			sourceTree = "<group>";
		};
		7005086119180D350005D659 /* Main.storyboard */ = {
			isa = PBXVariantGroup;
			children = (
				7005086219180D350005D659 /* Base */,
			);
			name = Main.storyboard;
			sourceTree = "<group>";
		};
		7005087719180D360005D659 /* InfoPlist.strings */ = {
			isa = PBXVariantGroup;
			children = (
				7005087819180D360005D659 /* en */,
			);
			name = InfoPlist.strings;
			sourceTree = "<group>";
		};
/* End PBXVariantGroup section */

/* Begin XCBuildConfiguration section */
		7005087C19180D360005D659 /* Debug */ = {
			isa = XCBuildConfiguration;
			buildSettings = {
				ALWAYS_SEARCH_USER_PATHS = NO;
				CLANG_CXX_LANGUAGE_STANDARD = "gnu++0x";
				CLANG_CXX_LIBRARY = "libc++";
				CLANG_ENABLE_MODULES = YES;
				CLANG_ENABLE_OBJC_ARC = YES;
				CLANG_WARN_BOOL_CONVERSION = YES;
				CLANG_WARN_CONSTANT_CONVERSION = YES;
				CLANG_WARN_DIRECT_OBJC_ISA_USAGE = YES_ERROR;
				CLANG_WARN_EMPTY_BODY = YES;
				CLANG_WARN_ENUM_CONVERSION = YES;
				CLANG_WARN_INT_CONVERSION = YES;
				CLANG_WARN_OBJC_ROOT_CLASS = YES_ERROR;
				CLANG_WARN__DUPLICATE_METHOD_MATCH = YES;
				"CODE_SIGN_IDENTITY[sdk=iphoneos*]" = "iPhone Developer";
				COPY_PHASE_STRIP = NO;
				GCC_C_LANGUAGE_STANDARD = gnu99;
				GCC_DYNAMIC_NO_PIC = NO;
				GCC_OPTIMIZATION_LEVEL = 0;
				GCC_PREPROCESSOR_DEFINITIONS = (
					"DEBUG=1",
					"$(inherited)",
				);
				GCC_SYMBOLS_PRIVATE_EXTERN = NO;
				GCC_WARN_64_TO_32_BIT_CONVERSION = YES;
				GCC_WARN_ABOUT_RETURN_TYPE = YES_ERROR;
				GCC_WARN_UNDECLARED_SELECTOR = YES;
				GCC_WARN_UNINITIALIZED_AUTOS = YES_AGGRESSIVE;
				GCC_WARN_UNUSED_FUNCTION = YES;
				GCC_WARN_UNUSED_VARIABLE = YES;
				IPHONEOS_DEPLOYMENT_TARGET = 7.1;
				ONLY_ACTIVE_ARCH = YES;
				SDKROOT = iphoneos;
			};
			name = Debug;
		};
		7005087D19180D360005D659 /* Release */ = {
			isa = XCBuildConfiguration;
			buildSettings = {
				ALWAYS_SEARCH_USER_PATHS = NO;
				CLANG_CXX_LANGUAGE_STANDARD = "gnu++0x";
				CLANG_CXX_LIBRARY = "libc++";
				CLANG_ENABLE_MODULES = YES;
				CLANG_ENABLE_OBJC_ARC = YES;
				CLANG_WARN_BOOL_CONVERSION = YES;
				CLANG_WARN_CONSTANT_CONVERSION = YES;
				CLANG_WARN_DIRECT_OBJC_ISA_USAGE = YES_ERROR;
				CLANG_WARN_EMPTY_BODY = YES;
				CLANG_WARN_ENUM_CONVERSION = YES;
				CLANG_WARN_INT_CONVERSION = YES;
				CLANG_WARN_OBJC_ROOT_CLASS = YES_ERROR;
				CLANG_WARN__DUPLICATE_METHOD_MATCH = YES;
				"CODE_SIGN_IDENTITY[sdk=iphoneos*]" = "iPhone Developer";
				COPY_PHASE_STRIP = YES;
				ENABLE_NS_ASSERTIONS = NO;
				GCC_C_LANGUAGE_STANDARD = gnu99;
				GCC_WARN_64_TO_32_BIT_CONVERSION = YES;
				GCC_WARN_ABOUT_RETURN_TYPE = YES_ERROR;
				GCC_WARN_UNDECLARED_SELECTOR = YES;
				GCC_WARN_UNINITIALIZED_AUTOS = YES_AGGRESSIVE;
				GCC_WARN_UNUSED_FUNCTION = YES;
				GCC_WARN_UNUSED_VARIABLE = YES;
				IPHONEOS_DEPLOYMENT_TARGET = 7.1;
				SDKROOT = iphoneos;
				VALIDATE_PRODUCT = YES;
			};
			name = Release;
		};
		7005087F19180D360005D659 /* Debug */ = {
			isa = XCBuildConfiguration;
			buildSettings = {
				ASSETCATALOG_COMPILER_APPICON_NAME = "AppIcon-2";
				ASSETCATALOG_COMPILER_LAUNCHIMAGE_NAME = LaunchImage;
				GCC_PRECOMPILE_PREFIX_HEADER = YES;
				GCC_PREFIX_HEADER = "#TD4W/#TD4W-Prefix.pch";
				INFOPLIST_FILE = "#TD4W/#TD4W-Info.plist";
				PRODUCT_NAME = "$(TARGET_NAME)";
				WRAPPER_EXTENSION = app;
			};
			name = Debug;
		};
		7005088019180D360005D659 /* Release */ = {
			isa = XCBuildConfiguration;
			buildSettings = {
				ASSETCATALOG_COMPILER_APPICON_NAME = "AppIcon-2";
				ASSETCATALOG_COMPILER_LAUNCHIMAGE_NAME = LaunchImage;
				GCC_PRECOMPILE_PREFIX_HEADER = YES;
				GCC_PREFIX_HEADER = "#TD4W/#TD4W-Prefix.pch";
				INFOPLIST_FILE = "#TD4W/#TD4W-Info.plist";
				PRODUCT_NAME = "$(TARGET_NAME)";
				WRAPPER_EXTENSION = app;
			};
			name = Release;
		};
		7005088219180D360005D659 /* Debug */ = {
			isa = XCBuildConfiguration;
			buildSettings = {
				BUNDLE_LOADER = "$(BUILT_PRODUCTS_DIR)/#TD4W.app/#TD4W";
				FRAMEWORK_SEARCH_PATHS = (
					"$(SDKROOT)/Developer/Library/Frameworks",
					"$(inherited)",
					"$(DEVELOPER_FRAMEWORKS_DIR)",
				);
				GCC_PRECOMPILE_PREFIX_HEADER = YES;
				GCC_PREFIX_HEADER = "#TD4W/#TD4W-Prefix.pch";
				GCC_PREPROCESSOR_DEFINITIONS = (
					"DEBUG=1",
					"$(inherited)",
				);
				INFOPLIST_FILE = "#TD4WTests/#TD4WTests-Info.plist";
				PRODUCT_NAME = "$(TARGET_NAME)";
				TEST_HOST = "$(BUNDLE_LOADER)";
				WRAPPER_EXTENSION = xctest;
			};
			name = Debug;
		};
		7005088319180D360005D659 /* Release */ = {
			isa = XCBuildConfiguration;
			buildSettings = {
				BUNDLE_LOADER = "$(BUILT_PRODUCTS_DIR)/#TD4W.app/#TD4W";
				FRAMEWORK_SEARCH_PATHS = (
					"$(SDKROOT)/Developer/Library/Frameworks",
					"$(inherited)",
					"$(DEVELOPER_FRAMEWORKS_DIR)",
				);
				GCC_PRECOMPILE_PREFIX_HEADER = YES;
				GCC_PREFIX_HEADER = "#TD4W/#TD4W-Prefix.pch";
				INFOPLIST_FILE = "#TD4WTests/#TD4WTests-Info.plist";
				PRODUCT_NAME = "$(TARGET_NAME)";
				TEST_HOST = "$(BUNDLE_LOADER)";
				WRAPPER_EXTENSION = xctest;
			};
			name = Release;
		};
/* End XCBuildConfiguration section */

/* Begin XCConfigurationList section */
		7005084719180D350005D659 /* Build configuration list for PBXProject "#TD4W" */ = {
			isa = XCConfigurationList;
			buildConfigurations = (
				7005087C19180D360005D659 /* Debug */,
				7005087D19180D360005D659 /* Release */,
			);
			defaultConfigurationIsVisible = 0;
			defaultConfigurationName = Release;
		};
		7005087E19180D360005D659 /* Build configuration list for PBXNativeTarget "#TD4W" */ = {
			isa = XCConfigurationList;
			buildConfigurations = (
				7005087F19180D360005D659 /* Debug */,
				7005088019180D360005D659 /* Release */,
			);
			defaultConfigurationIsVisible = 0;
		};
		7005088119180D360005D659 /* Build configuration list for PBXNativeTarget "#TD4WTests" */ = {
			isa = XCConfigurationList;
			buildConfigurations = (
				7005088219180D360005D659 /* Debug */,
				7005088319180D360005D659 /* Release */,
			);
			defaultConfigurationIsVisible = 0;
		};
/* End XCConfigurationList section */
	};
	rootObject = 7005084419180D350005D659 /* Project object */;
}
